
Microsoft Visual Studio Solution File, Format Version 12.00
# Visual Studio Version 17
VisualStudioVersion = 17.2.32516.85
MinimumVisualStudioVersion = 10.0.40219.1
Project("{FAE04EC0-301F-11D3-BF4B-00C04F79EFBC}") = "AlgoProject", "AlgoProject\AlgoProject.csproj", "{3EAF3E2C-EACC-40DF-BF26-344C7C160EE7}"
EndProject
Global
	GlobalSection(SolutionConfigurationPlatforms) = preSolution
		Debug|Any CPU = Debug|Any CPU
		Release|Any CPU = Release|Any CPU
	EndGlobalSection
	GlobalSection(ProjectConfigurationPlatforms) = postSolution
		{3EAF3E2C-EACC-40DF-BF26-344C7C160EE7}.Debug|Any CPU.ActiveCfg = Debug|Any CPU
		{3EAF3E2C-EACC-40DF-BF26-344C7C160EE7}.Debug|Any CPU.Build.0 = Debug|Any CPU
		{3EAF3E2C-EACC-40DF-BF26-344C7C160EE7}.Release|Any CPU.ActiveCfg = Release|Any CPU
		{3EAF3E2C-EACC-40DF-BF26-344C7C160EE7}.Release|Any CPU.Build.0 = Release|Any CPU
	EndGlobalSection
	GlobalSection(SolutionProperties) = preSolution
		HideSolutionNode = FALSE
	EndGlobalSection
	GlobalSection(ExtensibilityGlobals) = postSolution
		SolutionGuid = {41F5A7A4-E2AF-4E49-8808-5645AF2F19FB}
	EndGlobalSection
EndGlobal
